<?xml version="1.0" encoding="utf-8"?>
<Project ToolsVersion="4.0" xmlns="http://schemas.microsoft.com/developer/msbuild/2003">
  <ItemGroup>
    <ClCompile Include="SerializerTests.cpp" />
    <ClCompile Include="DeserializerTests.cpp" />
    <ClCompile Include="TypeTraitsTests.cpp" />
    <ClCompile Include="PackerTests.cpp" />
    <ClCompile Include="TypeTraitsExTests.cpp" />
  </ItemGroup>
  <ItemGroup>
    <Filter Include="Library Headers">
      <UniqueIdentifier>{0a7cbbfe-8f8a-45fa-bf01-17e5e7b66fa7}</UniqueIdentifier>
    </Filter>
  </ItemGroup>
  <ItemGroup>
    <ClInclude Include="..\strmd\serializer.h">
      <Filter>Library Headers</Filter>
    </ClInclude>
    <ClInclude Include="..\strmd\type_traits.h">
      <Filter>Library Headers</Filter>
    </ClInclude>
    <ClInclude Include="..\strmd\deserializer.h">
      <Filter>Library Headers</Filter>
    </ClInclude>
    <ClInclude Include="types.h" />
    <ClInclude Include="helpers.h" />
    <ClInclude Include="..\strmd\packer.h">
      <Filter>Library Headers</Filter>
    </ClInclude>
    <ClInclude Include="..\strmd\type_traits_ex.h">
      <Filter>Library Headers</Filter>
    </ClInclude>
  </ItemGroup>
</Project>